
Microsoft Visual Studio Solution File, Format Version 12.00
# Visual Studio Version 17
VisualStudioVersion = 17.0.31903.59
MinimumVisualStudioVersion = 10.0.40219.1
Project("{FAE04EC0-301F-11D3-BF4B-00C04F79EFBC}") = "EalTools", "EalTools\EalTools.csproj", "{FF2BF1A3-FDCC-430B-8252-25AA04CFF172}"
EndProject
Project("{FAE04EC0-301F-11D3-BF4B-00C04F79EFBC}") = "EalTools.Tests", "EalTools.Tests\EalTools.Tests.csproj", "{AFF2483A-64F2-4DA2-A067-AC5FA5D75C94}"
EndProject
Global
	GlobalSection(SolutionConfigurationPlatforms) = preSolution
		Debug|Any CPU = Debug|Any CPU
		Release|Any CPU = Release|Any CPU
	EndGlobalSection
	GlobalSection(SolutionProperties) = preSolution
		HideSolutionNode = FALSE
	EndGlobalSection
	GlobalSection(ProjectConfigurationPlatforms) = postSolution
		{FF2BF1A3-FDCC-430B-8252-25AA04CFF172}.Debug|Any CPU.ActiveCfg = Debug|Any CPU
		{FF2BF1A3-FDCC-430B-8252-25AA04CFF172}.Debug|Any CPU.Build.0 = Debug|Any CPU
		{FF2BF1A3-FDCC-430B-8252-25AA04CFF172}.Release|Any CPU.ActiveCfg = Release|Any CPU
		{FF2BF1A3-FDCC-430B-8252-25AA04CFF172}.Release|Any CPU.Build.0 = Release|Any CPU
		{AFF2483A-64F2-4DA2-A067-AC5FA5D75C94}.Debug|Any CPU.ActiveCfg = Debug|Any CPU
		{AFF2483A-64F2-4DA2-A067-AC5FA5D75C94}.Debug|Any CPU.Build.0 = Debug|Any CPU
		{AFF2483A-64F2-4DA2-A067-AC5FA5D75C94}.Release|Any CPU.ActiveCfg = Release|Any CPU
		{AFF2483A-64F2-4DA2-A067-AC5FA5D75C94}.Release|Any CPU.Build.0 = Release|Any CPU
	EndGlobalSection
EndGlobal
